
Microsoft Visual Studio Solution File, Format Version 12.00
# Visual Studio Version 17
VisualStudioVersion = 17.8.34525.116
MinimumVisualStudioVersion = 10.0.40219.1
Project("{9A19103F-16F7-4668-BE54-9A1E7A4F7556}") = "DTOs", "DTOs\DTOs.csproj", "{BD6718BA-D23B-40FB-A122-230F660F4004}"
EndProject
Project("{2150E333-8FDC-42A3-9474-1A3956D46DE8}") = "0_DTOs", "0_DTOs", "{322AB329-CC51-4A9E-988A-AA65B9B598E7}"
EndProject
Project("{2150E333-8FDC-42A3-9474-1A3956D46DE8}") = "1_DataAccess", "1_DataAccess", "{0E758F21-3F47-4D82-A2C2-16C283E97386}"
EndProject
Project("{9A19103F-16F7-4668-BE54-9A1E7A4F7556}") = "DataAccess", "DataAccess\DataAccess.csproj", "{015A8DC0-779D-4D2A-8CB8-2EFF47DC78D1}"
EndProject
Project("{2150E333-8FDC-42A3-9474-1A3956D46DE8}") = "2_CoreApp", "2_CoreApp", "{1D7B20E4-3557-4DA3-B4FB-B9CE118D68E2}"
EndProject
Project("{2150E333-8FDC-42A3-9474-1A3956D46DE8}") = "3_API", "3_API", "{626B4E9E-31BB-48EB-A870-2B41C68B82BC}"
EndProject
Project("{9A19103F-16F7-4668-BE54-9A1E7A4F7556}") = "CoreApp", "CoreApp\CoreApp.csproj", "{402C2CF1-29E2-4EA9-B1AC-E54C70DFB9F8}"
EndProject
Project("{9A19103F-16F7-4668-BE54-9A1E7A4F7556}") = "WebAPI", "WebAPI\WebAPI.csproj", "{10783D85-07B2-4A57-A00E-CAA42DB58C43}"
EndProject
Project("{2150E333-8FDC-42A3-9474-1A3956D46DE8}") = "4_WebApp", "4_WebApp", "{9BED566A-C665-4CA0-89BB-4F6CEAB23771}"
EndProject
Project("{9A19103F-16F7-4668-BE54-9A1E7A4F7556}") = "WebApp", "WebApp\WebApp.csproj", "{2EF00D18-C008-4F25-87CC-41B70D1AC21B}"
EndProject
Global
	GlobalSection(SolutionConfigurationPlatforms) = preSolution
		Debug|Any CPU = Debug|Any CPU
		Release|Any CPU = Release|Any CPU
	EndGlobalSection
	GlobalSection(ProjectConfigurationPlatforms) = postSolution
		{BD6718BA-D23B-40FB-A122-230F660F4004}.Debug|Any CPU.ActiveCfg = Debug|Any CPU
		{BD6718BA-D23B-40FB-A122-230F660F4004}.Debug|Any CPU.Build.0 = Debug|Any CPU
		{BD6718BA-D23B-40FB-A122-230F660F4004}.Release|Any CPU.ActiveCfg = Release|Any CPU
		{BD6718BA-D23B-40FB-A122-230F660F4004}.Release|Any CPU.Build.0 = Release|Any CPU
		{015A8DC0-779D-4D2A-8CB8-2EFF47DC78D1}.Debug|Any CPU.ActiveCfg = Debug|Any CPU
		{015A8DC0-779D-4D2A-8CB8-2EFF47DC78D1}.Debug|Any CPU.Build.0 = Debug|Any CPU
		{015A8DC0-779D-4D2A-8CB8-2EFF47DC78D1}.Release|Any CPU.ActiveCfg = Release|Any CPU
		{015A8DC0-779D-4D2A-8CB8-2EFF47DC78D1}.Release|Any CPU.Build.0 = Release|Any CPU
		{402C2CF1-29E2-4EA9-B1AC-E54C70DFB9F8}.Debug|Any CPU.ActiveCfg = Debug|Any CPU
		{402C2CF1-29E2-4EA9-B1AC-E54C70DFB9F8}.Debug|Any CPU.Build.0 = Debug|Any CPU
		{402C2CF1-29E2-4EA9-B1AC-E54C70DFB9F8}.Release|Any CPU.ActiveCfg = Release|Any CPU
		{402C2CF1-29E2-4EA9-B1AC-E54C70DFB9F8}.Release|Any CPU.Build.0 = Release|Any CPU
		{10783D85-07B2-4A57-A00E-CAA42DB58C43}.Debug|Any CPU.ActiveCfg = Debug|Any CPU
		{10783D85-07B2-4A57-A00E-CAA42DB58C43}.Debug|Any CPU.Build.0 = Debug|Any CPU
		{10783D85-07B2-4A57-A00E-CAA42DB58C43}.Release|Any CPU.ActiveCfg = Release|Any CPU
		{10783D85-07B2-4A57-A00E-CAA42DB58C43}.Release|Any CPU.Build.0 = Release|Any CPU
		{2EF00D18-C008-4F25-87CC-41B70D1AC21B}.Debug|Any CPU.ActiveCfg = Debug|Any CPU
		{2EF00D18-C008-4F25-87CC-41B70D1AC21B}.Debug|Any CPU.Build.0 = Debug|Any CPU
		{2EF00D18-C008-4F25-87CC-41B70D1AC21B}.Release|Any CPU.ActiveCfg = Release|Any CPU
		{2EF00D18-C008-4F25-87CC-41B70D1AC21B}.Release|Any CPU.Build.0 = Release|Any CPU
	EndGlobalSection
	GlobalSection(SolutionProperties) = preSolution
		HideSolutionNode = FALSE
	EndGlobalSection
	GlobalSection(NestedProjects) = preSolution
		{BD6718BA-D23B-40FB-A122-230F660F4004} = {322AB329-CC51-4A9E-988A-AA65B9B598E7}
		{015A8DC0-779D-4D2A-8CB8-2EFF47DC78D1} = {0E758F21-3F47-4D82-A2C2-16C283E97386}
		{402C2CF1-29E2-4EA9-B1AC-E54C70DFB9F8} = {1D7B20E4-3557-4DA3-B4FB-B9CE118D68E2}
		{10783D85-07B2-4A57-A00E-CAA42DB58C43} = {626B4E9E-31BB-48EB-A870-2B41C68B82BC}
		{2EF00D18-C008-4F25-87CC-41B70D1AC21B} = {9BED566A-C665-4CA0-89BB-4F6CEAB23771}
	EndGlobalSection
	GlobalSection(ExtensibilityGlobals) = postSolution
		SolutionGuid = {494E5EE5-089C-4E64-8787-B00EAA533C6B}
	EndGlobalSection
EndGlobal
